
Microsoft Visual Studio Solution File, Format Version 12.00
# Visual Studio 15
VisualStudioVersion = 15.0.27703.2047
MinimumVisualStudioVersion = 10.0.40219.1
Project("{FAE04EC0-301F-11D3-BF4B-00C04F79EFBC}") = "practicalCES", "practicalCES\practicalCES.csproj", "{F01DD906-97D6-4424-A507-302778C7272D}"
EndProject
Global
	GlobalSection(SolutionConfigurationPlatforms) = preSolution
		Debug|Any CPU = Debug|Any CPU
		Release|Any CPU = Release|Any CPU
	EndGlobalSection
	GlobalSection(ProjectConfigurationPlatforms) = postSolution
		{F01DD906-97D6-4424-A507-302778C7272D}.Debug|Any CPU.ActiveCfg = Debug|Any CPU
		{F01DD906-97D6-4424-A507-302778C7272D}.Debug|Any CPU.Build.0 = Debug|Any CPU
		{F01DD906-97D6-4424-A507-302778C7272D}.Release|Any CPU.ActiveCfg = Release|Any CPU
		{F01DD906-97D6-4424-A507-302778C7272D}.Release|Any CPU.Build.0 = Release|Any CPU
	EndGlobalSection
	GlobalSection(SolutionProperties) = preSolution
		HideSolutionNode = FALSE
	EndGlobalSection
	GlobalSection(ExtensibilityGlobals) = postSolution
		SolutionGuid = {ED42B3FD-4282-43F8-ACED-B75EAA585976}
	EndGlobalSection
EndGlobal
