
Microsoft Visual Studio Solution File, Format Version 12.00
# Visual Studio 15
VisualStudioVersion = 15.0.27703.2047
MinimumVisualStudioVersion = 10.0.40219.1
Project("{FAE04EC0-301F-11D3-BF4B-00C04F79EFBC}") = "introToCSharp", "introToCSharp\introToCSharp.csproj", "{AB443A36-1A1B-499D-8910-2F1E657759DE}"
EndProject
Global
	GlobalSection(SolutionConfigurationPlatforms) = preSolution
		Debug|Any CPU = Debug|Any CPU
		Release|Any CPU = Release|Any CPU
	EndGlobalSection
	GlobalSection(ProjectConfigurationPlatforms) = postSolution
		{AB443A36-1A1B-499D-8910-2F1E657759DE}.Debug|Any CPU.ActiveCfg = Debug|Any CPU
		{AB443A36-1A1B-499D-8910-2F1E657759DE}.Debug|Any CPU.Build.0 = Debug|Any CPU
		{AB443A36-1A1B-499D-8910-2F1E657759DE}.Release|Any CPU.ActiveCfg = Release|Any CPU
		{AB443A36-1A1B-499D-8910-2F1E657759DE}.Release|Any CPU.Build.0 = Release|Any CPU
	EndGlobalSection
	GlobalSection(SolutionProperties) = preSolution
		HideSolutionNode = FALSE
	EndGlobalSection
	GlobalSection(ExtensibilityGlobals) = postSolution
		SolutionGuid = {BA7BF627-1F17-45E0-AC10-915FBC7D9F5C}
	EndGlobalSection
EndGlobal
